
Microsoft Visual Studio Solution File, Format Version 12.00
Project("{FAE04EC0-301F-11D3-BF4B-00C04F79EFBC}") = "TheAirBlow.Thor.Enigma", "TheAirBlow.Thor.Enigma\TheAirBlow.Thor.Enigma.csproj", "{8E387025-7535-4780-B39D-CEEC25DD8B8C}"
EndProject
Project("{FAE04EC0-301F-11D3-BF4B-00C04F79EFBC}") = "TheAirBlow.Thor.GUI", "TheAirBlow.Thor.GUI\TheAirBlow.Thor.GUI.csproj", "{0CD541B3-6763-4277-89F0-BE1304B00B40}"
EndProject
Global
	GlobalSection(SolutionConfigurationPlatforms) = preSolution
		Debug|Any CPU = Debug|Any CPU
		Release|Any CPU = Release|Any CPU
	EndGlobalSection
	GlobalSection(ProjectConfigurationPlatforms) = postSolution
		{8E387025-7535-4780-B39D-CEEC25DD8B8C}.Debug|Any CPU.ActiveCfg = Debug|Any CPU
		{8E387025-7535-4780-B39D-CEEC25DD8B8C}.Debug|Any CPU.Build.0 = Debug|Any CPU
		{8E387025-7535-4780-B39D-CEEC25DD8B8C}.Release|Any CPU.ActiveCfg = Release|Any CPU
		{8E387025-7535-4780-B39D-CEEC25DD8B8C}.Release|Any CPU.Build.0 = Release|Any CPU
		{0CD541B3-6763-4277-89F0-BE1304B00B40}.Debug|Any CPU.ActiveCfg = Debug|Any CPU
		{0CD541B3-6763-4277-89F0-BE1304B00B40}.Debug|Any CPU.Build.0 = Debug|Any CPU
		{0CD541B3-6763-4277-89F0-BE1304B00B40}.Release|Any CPU.ActiveCfg = Release|Any CPU
		{0CD541B3-6763-4277-89F0-BE1304B00B40}.Release|Any CPU.Build.0 = Release|Any CPU
	EndGlobalSection
EndGlobal
